# This file is automatically @generated by Poetry 1.7.1 and should not be changed by hand.

[[package]]
name = "colorama"
version = "0.4.6"
description = "Cross-platform colored terminal text."
optional = false
python-versions = "!=3.0.*,!=3.1.*,!=3.2.*,!=3.3.*,!=3.4.*,!=3.5.*,!=3.6.*,>=2.7"
files = [
    {file = "colorama-0.4.6-py2.py3-none-any.whl", hash = "sha256:4f1d9991f5acc0ca119f9d443620b77f9d6b33703e51011c16baf57afb285fc6"},
    {file = "colorama-0.4.6.tar.gz", hash = "sha256:08695f5cb7ed6e0531a20572697297273c47b8cae5a63ffc6d6ed5c201be6e44"},
]

[[package]]
name = "exceptiongroup"
version = "1.2.0"
description = "Backport of PEP 654 (exception groups)"
optional = false
python-versions = ">=3.7"
files = [
    {file = "exceptiongroup-1.2.0-py3-none-any.whl", hash = "sha256:4bfd3996ac73b41e9b9628b04e079f193850720ea5945fc96a08633c66912f14"},
    {file = "exceptiongroup-1.2.0.tar.gz", hash = "sha256:91f5c769735f051a4290d52edd0858999b57e5876e9f85937691bd4c9fa3ed68"},
]

[package.extras]
test = ["pytest (>=6)"]

[[package]]
name = "iniconfig"
version = "2.0.0"
description = "brain-dead simple config-ini parsing"
optional = false
python-versions = ">=3.7"
files = [
    {file = "iniconfig-2.0.0-py3-none-any.whl", hash = "sha256:b6a85871a79d2e3b22d2d1b94ac2824226a63c6b741c88f7ae975f18b6778374"},
    {file = "iniconfig-2.0.0.tar.gz", hash = "sha256:2d91e135bf72d31a410b17c16da610a82cb55f6b0477d1a902134b24a455b8b3"},
]

[[package]]
name = "lark"
version = "1.1.5"
description = "a modern parsing library"
optional = false
python-versions = "*"
files = [
    {file = "lark-1.1.5-py3-none-any.whl", hash = "sha256:8476f9903e93fbde4f6c327f74d79e9b4bd0ed9294c5dfa3164ab8c581b5de2a"},
    {file = "lark-1.1.5.tar.gz", hash = "sha256:4b534eae1f9af5b4ea000bea95776350befe1981658eea3820a01c37e504bb4d"},
]

[package.extras]
atomic-cache = ["atomicwrites"]
nearley = ["js2py"]
regex = ["regex"]

[[package]]
name = "packaging"
version = "23.2"
description = "Core utilities for Python packages"
optional = false
python-versions = ">=3.7"
files = [
    {file = "packaging-23.2-py3-none-any.whl", hash = "sha256:8c491190033a9af7e1d931d0b5dacc2ef47509b34dd0de67ed209b5203fc88c7"},
    {file = "packaging-23.2.tar.gz", hash = "sha256:048fb0e9405036518eaaf48a55953c750c11e1a1b68e0dd1a9d62ed0c092cfc5"},
]

[[package]]
name = "pluggy"
version = "1.3.0"
description = "plugin and hook calling mechanisms for python"
optional = false
python-versions = ">=3.8"
files = [
    {file = "pluggy-1.3.0-py3-none-any.whl", hash = "sha256:d89c696a773f8bd377d18e5ecda92b7a3793cbe66c87060a6fb58c7b6e1061f7"},
    {file = "pluggy-1.3.0.tar.gz", hash = "sha256:cf61ae8f126ac6f7c451172cf30e3e43d3ca77615509771b3a984a0730651e12"},
]

[package.extras]
dev = ["pre-commit", "tox"]
testing = ["pytest", "pytest-benchmark"]

[[package]]
name = "pydantic"
version = "1.10.14"
description = "Data validation and settings management using python type hints"
optional = false
python-versions = ">=3.7"
files = [
    {file = "pydantic-1.10.14-cp310-cp310-macosx_10_9_x86_64.whl", hash = "sha256:7f4fcec873f90537c382840f330b90f4715eebc2bc9925f04cb92de593eae054"},
    {file = "pydantic-1.10.14-cp310-cp310-macosx_11_0_arm64.whl", hash = "sha256:8e3a76f571970fcd3c43ad982daf936ae39b3e90b8a2e96c04113a369869dc87"},
    {file = "pydantic-1.10.14-cp310-cp310-manylinux_2_17_x86_64.manylinux2014_x86_64.whl", hash = "sha256:82d886bd3c3fbeaa963692ef6b643159ccb4b4cefaf7ff1617720cbead04fd1d"},
    {file = "pydantic-1.10.14-cp310-cp310-manylinux_2_5_i686.manylinux1_i686.manylinux_2_17_i686.manylinux2014_i686.whl", hash = "sha256:798a3d05ee3b71967844a1164fd5bdb8c22c6d674f26274e78b9f29d81770c4e"},
    {file = "pydantic-1.10.14-cp310-cp310-musllinux_1_1_i686.whl", hash = "sha256:23d47a4b57a38e8652bcab15a658fdb13c785b9ce217cc3a729504ab4e1d6bc9"},
    {file = "pydantic-1.10.14-cp310-cp310-musllinux_1_1_x86_64.whl", hash = "sha256:f9f674b5c3bebc2eba401de64f29948ae1e646ba2735f884d1594c5f675d6f2a"},
    {file = "pydantic-1.10.14-cp310-cp310-win_amd64.whl", hash = "sha256:24a7679fab2e0eeedb5a8924fc4a694b3bcaac7d305aeeac72dd7d4e05ecbebf"},
    {file = "pydantic-1.10.14-cp311-cp311-macosx_10_9_x86_64.whl", hash = "sha256:9d578ac4bf7fdf10ce14caba6f734c178379bd35c486c6deb6f49006e1ba78a7"},
    {file = "pydantic-1.10.14-cp311-cp311-macosx_11_0_arm64.whl", hash = "sha256:fa7790e94c60f809c95602a26d906eba01a0abee9cc24150e4ce2189352deb1b"},
    {file = "pydantic-1.10.14-cp311-cp311-manylinux_2_17_x86_64.manylinux2014_x86_64.whl", hash = "sha256:aad4e10efa5474ed1a611b6d7f0d130f4aafadceb73c11d9e72823e8f508e663"},
    {file = "pydantic-1.10.14-cp311-cp311-manylinux_2_5_i686.manylinux1_i686.manylinux_2_17_i686.manylinux2014_i686.whl", hash = "sha256:1245f4f61f467cb3dfeced2b119afef3db386aec3d24a22a1de08c65038b255f"},
    {file = "pydantic-1.10.14-cp311-cp311-musllinux_1_1_i686.whl", hash = "sha256:21efacc678a11114c765eb52ec0db62edffa89e9a562a94cbf8fa10b5db5c046"},
    {file = "pydantic-1.10.14-cp311-cp311-musllinux_1_1_x86_64.whl", hash = "sha256:412ab4a3f6dbd2bf18aefa9f79c7cca23744846b31f1d6555c2ee2b05a2e14ca"},
    {file = "pydantic-1.10.14-cp311-cp311-win_amd64.whl", hash = "sha256:e897c9f35281f7889873a3e6d6b69aa1447ceb024e8495a5f0d02ecd17742a7f"},
    {file = "pydantic-1.10.14-cp37-cp37m-macosx_10_9_x86_64.whl", hash = "sha256:d604be0f0b44d473e54fdcb12302495fe0467c56509a2f80483476f3ba92b33c"},
    {file = "pydantic-1.10.14-cp37-cp37m-manylinux_2_17_x86_64.manylinux2014_x86_64.whl", hash = "sha256:a42c7d17706911199798d4c464b352e640cab4351efe69c2267823d619a937e5"},
    {file = "pydantic-1.10.14-cp37-cp37m-manylinux_2_5_i686.manylinux1_i686.manylinux_2_17_i686.manylinux2014_i686.whl", hash = "sha256:596f12a1085e38dbda5cbb874d0973303e34227b400b6414782bf205cc14940c"},
    {file = "pydantic-1.10.14-cp37-cp37m-musllinux_1_1_i686.whl", hash = "sha256:bfb113860e9288d0886e3b9e49d9cf4a9d48b441f52ded7d96db7819028514cc"},
    {file = "pydantic-1.10.14-cp37-cp37m-musllinux_1_1_x86_64.whl", hash = "sha256:bc3ed06ab13660b565eed80887fcfbc0070f0aa0691fbb351657041d3e874efe"},
    {file = "pydantic-1.10.14-cp37-cp37m-win_amd64.whl", hash = "sha256:ad8c2bc677ae5f6dbd3cf92f2c7dc613507eafe8f71719727cbc0a7dec9a8c01"},
    {file = "pydantic-1.10.14-cp38-cp38-macosx_10_9_x86_64.whl", hash = "sha256:c37c28449752bb1f47975d22ef2882d70513c546f8f37201e0fec3a97b816eee"},
    {file = "pydantic-1.10.14-cp38-cp38-macosx_11_0_arm64.whl", hash = "sha256:49a46a0994dd551ec051986806122767cf144b9702e31d47f6d493c336462597"},
    {file = "pydantic-1.10.14-cp38-cp38-manylinux_2_17_x86_64.manylinux2014_x86_64.whl", hash = "sha256:53e3819bd20a42470d6dd0fe7fc1c121c92247bca104ce608e609b59bc7a77ee"},
    {file = "pydantic-1.10.14-cp38-cp38-manylinux_2_5_i686.manylinux1_i686.manylinux_2_17_i686.manylinux2014_i686.whl", hash = "sha256:0fbb503bbbbab0c588ed3cd21975a1d0d4163b87e360fec17a792f7d8c4ff29f"},
    {file = "pydantic-1.10.14-cp38-cp38-musllinux_1_1_i686.whl", hash = "sha256:336709883c15c050b9c55a63d6c7ff09be883dbc17805d2b063395dd9d9d0022"},
    {file = "pydantic-1.10.14-cp38-cp38-musllinux_1_1_x86_64.whl", hash = "sha256:4ae57b4d8e3312d486e2498d42aed3ece7b51848336964e43abbf9671584e67f"},
    {file = "pydantic-1.10.14-cp38-cp38-win_amd64.whl", hash = "sha256:dba49d52500c35cfec0b28aa8b3ea5c37c9df183ffc7210b10ff2a415c125c4a"},
    {file = "pydantic-1.10.14-cp39-cp39-macosx_10_9_x86_64.whl", hash = "sha256:c66609e138c31cba607d8e2a7b6a5dc38979a06c900815495b2d90ce6ded35b4"},
    {file = "pydantic-1.10.14-cp39-cp39-macosx_11_0_arm64.whl", hash = "sha256:d986e115e0b39604b9eee3507987368ff8148222da213cd38c359f6f57b3b347"},
    {file = "pydantic-1.10.14-cp39-cp39-manylinux_2_17_x86_64.manylinux2014_x86_64.whl", hash = "sha256:646b2b12df4295b4c3148850c85bff29ef6d0d9621a8d091e98094871a62e5c7"},
    {file = "pydantic-1.10.14-cp39-cp39-manylinux_2_5_i686.manylinux1_i686.manylinux_2_17_i686.manylinux2014_i686.whl", hash = "sha256:282613a5969c47c83a8710cc8bfd1e70c9223feb76566f74683af889faadc0ea"},
    {file = "pydantic-1.10.14-cp39-cp39-musllinux_1_1_i686.whl", hash = "sha256:466669501d08ad8eb3c4fecd991c5e793c4e0bbd62299d05111d4f827cded64f"},
    {file = "pydantic-1.10.14-cp39-cp39-musllinux_1_1_x86_64.whl", hash = "sha256:13e86a19dca96373dcf3190fcb8797d40a6f12f154a244a8d1e8e03b8f280593"},
    {file = "pydantic-1.10.14-cp39-cp39-win_amd64.whl", hash = "sha256:08b6ec0917c30861e3fe71a93be1648a2aa4f62f866142ba21670b24444d7fd8"},
    {file = "pydantic-1.10.14-py3-none-any.whl", hash = "sha256:8ee853cd12ac2ddbf0ecbac1c289f95882b2d4482258048079d13be700aa114c"},
    {file = "pydantic-1.10.14.tar.gz", hash = "sha256:46f17b832fe27de7850896f3afee50ea682220dd218f7e9c88d436788419dca6"},
]

[package.dependencies]
typing-extensions = ">=4.2.0"

[package.extras]
dotenv = ["python-dotenv (>=0.10.4)"]
email = ["email-validator (>=1.0.3)"]

[[package]]
name = "pytest"
version = "7.4.4"
description = "pytest: simple powerful testing with Python"
optional = false
python-versions = ">=3.7"
files = [
    {file = "pytest-7.4.4-py3-none-any.whl", hash = "sha256:b090cdf5ed60bf4c45261be03239c2c1c22df034fbffe691abe93cd80cea01d8"},
    {file = "pytest-7.4.4.tar.gz", hash = "sha256:2cf0005922c6ace4a3e2ec8b4080eb0d9753fdc93107415332f50ce9e7994280"},
]

[package.dependencies]
colorama = {version = "*", markers = "sys_platform == \"win32\""}
exceptiongroup = {version = ">=1.0.0rc8", markers = "python_version < \"3.11\""}
iniconfig = "*"
packaging = "*"
pluggy = ">=0.12,<2.0"
tomli = {version = ">=1.0.0", markers = "python_version < \"3.11\""}

[package.extras]
testing = ["argcomplete", "attrs (>=19.2.0)", "hypothesis (>=3.56)", "mock", "nose", "pygments (>=2.7.2)", "requests", "setuptools", "xmlschema"]

[[package]]
name = "tomli"
version = "2.0.1"
description = "A lil' TOML parser"
optional = false
python-versions = ">=3.7"
files = [
    {file = "tomli-2.0.1-py3-none-any.whl", hash = "sha256:939de3e7a6161af0c887ef91b7d41a53e7c5a1ca976325f429cb46ea9bc30ecc"},
    {file = "tomli-2.0.1.tar.gz", hash = "sha256:de526c12914f0c550d15924c62d72abc48d6fe7364aa87328337a31007fe8a4f"},
]

[[package]]
name = "typing-extensions"
version = "4.9.0"
description = "Backported and Experimental Type Hints for Python 3.8+"
optional = false
python-versions = ">=3.8"
files = [
    {file = "typing_extensions-4.9.0-py3-none-any.whl", hash = "sha256:af72aea155e91adfc61c3ae9e0e342dbc0cba726d6cba4b6c72c1f34e47291cd"},
    {file = "typing_extensions-4.9.0.tar.gz", hash = "sha256:23478f88c37f27d76ac8aee6c905017a143b0b1b886c3c9f66bc2fd94f9f5783"},
]

[metadata]
lock-version = "2.0"
python-versions = "^3.9"
content-hash = "5237b0a1d5a7d1bd938a74b50ab801283fdfa00649b7d9d1d9f2854beb114793"
